
Microsoft Visual Studio Solution File, Format Version 12.00
Project("{FAE04EC0-301F-11D3-BF4B-00C04F79EFBC}") = "HelseId.Library", "HelseId.Library\HelseId.Library.csproj", "{71F61735-1D1A-492C-92AD-9BE3707B4758}"
EndProject
Project("{FAE04EC0-301F-11D3-BF4B-00C04F79EFBC}") = "HelseId.Library.Tests", "HelseId.Library.Tests\HelseId.Library.Tests.csproj", "{8B8A2F35-D18E-41A9-8ECA-6906AC29F3D4}"
EndProject
Project("{FAE04EC0-301F-11D3-BF4B-00C04F79EFBC}") = "HelseID.ClientCredentials.TestApplication", "HelseID.ClientCredentials.TestApplication\HelseID.ClientCredentials.TestApplication.csproj", "{3420CB44-14F4-402E-822C-CA6C27348018}"
EndProject
Project("{FAE04EC0-301F-11D3-BF4B-00C04F79EFBC}") = "HelseId.Library.ClientCredentials", "HelseId.Library.ClientCredentials\HelseId.Library.ClientCredentials.csproj", "{AA5BBE69-302D-44F5-A574-ACA5BDAF053B}"
EndProject
Project("{FAE04EC0-301F-11D3-BF4B-00C04F79EFBC}") = "HelseId.Library.ClientCredentials.Tests", "HelseId.Library.ClientCredentials.Tests\HelseId.Library.ClientCredentials.Tests.csproj", "{4DF761D6-7D5B-4FA5-BE3B-E6F1D8656BB0}"
EndProject
Project("{FAE04EC0-301F-11D3-BF4B-00C04F79EFBC}") = "HelseId.Library.Mocks", "HelseId.Library.Mocks\HelseId.Library.Mocks.csproj", "{9A08FFA5-6DDE-4C4A-93C0-01B167D76845}"
EndProject
Global
	GlobalSection(SolutionConfigurationPlatforms) = preSolution
		Debug|Any CPU = Debug|Any CPU
		Release|Any CPU = Release|Any CPU
	EndGlobalSection
	GlobalSection(ProjectConfigurationPlatforms) = postSolution
		{71F61735-1D1A-492C-92AD-9BE3707B4758}.Debug|Any CPU.ActiveCfg = Debug|Any CPU
		{71F61735-1D1A-492C-92AD-9BE3707B4758}.Debug|Any CPU.Build.0 = Debug|Any CPU
		{71F61735-1D1A-492C-92AD-9BE3707B4758}.Release|Any CPU.ActiveCfg = Release|Any CPU
		{71F61735-1D1A-492C-92AD-9BE3707B4758}.Release|Any CPU.Build.0 = Release|Any CPU
		{8B8A2F35-D18E-41A9-8ECA-6906AC29F3D4}.Debug|Any CPU.ActiveCfg = Debug|Any CPU
		{8B8A2F35-D18E-41A9-8ECA-6906AC29F3D4}.Debug|Any CPU.Build.0 = Debug|Any CPU
		{8B8A2F35-D18E-41A9-8ECA-6906AC29F3D4}.Release|Any CPU.ActiveCfg = Release|Any CPU
		{8B8A2F35-D18E-41A9-8ECA-6906AC29F3D4}.Release|Any CPU.Build.0 = Release|Any CPU
		{3420CB44-14F4-402E-822C-CA6C27348018}.Debug|Any CPU.ActiveCfg = Debug|Any CPU
		{3420CB44-14F4-402E-822C-CA6C27348018}.Debug|Any CPU.Build.0 = Debug|Any CPU
		{3420CB44-14F4-402E-822C-CA6C27348018}.Release|Any CPU.ActiveCfg = Release|Any CPU
		{3420CB44-14F4-402E-822C-CA6C27348018}.Release|Any CPU.Build.0 = Release|Any CPU
		{AA5BBE69-302D-44F5-A574-ACA5BDAF053B}.Debug|Any CPU.ActiveCfg = Debug|Any CPU
		{AA5BBE69-302D-44F5-A574-ACA5BDAF053B}.Debug|Any CPU.Build.0 = Debug|Any CPU
		{AA5BBE69-302D-44F5-A574-ACA5BDAF053B}.Release|Any CPU.ActiveCfg = Release|Any CPU
		{AA5BBE69-302D-44F5-A574-ACA5BDAF053B}.Release|Any CPU.Build.0 = Release|Any CPU
		{4DF761D6-7D5B-4FA5-BE3B-E6F1D8656BB0}.Debug|Any CPU.ActiveCfg = Debug|Any CPU
		{4DF761D6-7D5B-4FA5-BE3B-E6F1D8656BB0}.Debug|Any CPU.Build.0 = Debug|Any CPU
		{4DF761D6-7D5B-4FA5-BE3B-E6F1D8656BB0}.Release|Any CPU.ActiveCfg = Release|Any CPU
		{4DF761D6-7D5B-4FA5-BE3B-E6F1D8656BB0}.Release|Any CPU.Build.0 = Release|Any CPU
		{9A08FFA5-6DDE-4C4A-93C0-01B167D76845}.Debug|Any CPU.ActiveCfg = Debug|Any CPU
		{9A08FFA5-6DDE-4C4A-93C0-01B167D76845}.Debug|Any CPU.Build.0 = Debug|Any CPU
		{9A08FFA5-6DDE-4C4A-93C0-01B167D76845}.Release|Any CPU.ActiveCfg = Release|Any CPU
		{9A08FFA5-6DDE-4C4A-93C0-01B167D76845}.Release|Any CPU.Build.0 = Release|Any CPU
	EndGlobalSection
EndGlobal
