
Microsoft Visual Studio Solution File, Format Version 12.00
Project("{FAE04EC0-301F-11D3-BF4B-00C04F79EFBC}") = "HelseId.Library", "HelseId.Library\HelseId.Library.csproj", "{71F61735-1D1A-492C-92AD-9BE3707B4758}"
EndProject
Project("{FAE04EC0-301F-11D3-BF4B-00C04F79EFBC}") = "HelseId.Library.Tests", "HelseId.Library.Tests\HelseId.Library.Tests.csproj", "{8B8A2F35-D18E-41A9-8ECA-6906AC29F3D4}"
EndProject
Project("{FAE04EC0-301F-11D3-BF4B-00C04F79EFBC}") = "HelseID.ClientCredentials.TestApplication", "HelseID.ClientCredentials.TestApplication\HelseID.ClientCredentials.TestApplication.csproj", "{3420CB44-14F4-402E-822C-CA6C27348018}"
EndProject
Project("{FAE04EC0-301F-11D3-BF4B-00C04F79EFBC}") = "HelseId.Library.ClientCredentials", "HelseId.Library.ClientCredentials\HelseId.Library.ClientCredentials.csproj", "{AA5BBE69-302D-44F5-A574-ACA5BDAF053B}"
EndProject
Project("{FAE04EC0-301F-11D3-BF4B-00C04F79EFBC}") = "HelseId.Library.ClientCredentials.Tests", "HelseId.Library.ClientCredentials.Tests\HelseId.Library.ClientCredentials.Tests.csproj", "{4DF761D6-7D5B-4FA5-BE3B-E6F1D8656BB0}"
EndProject
Project("{FAE04EC0-301F-11D3-BF4B-00C04F79EFBC}") = "HelseId.Library.Mocks", "HelseId.Library.Mocks\HelseId.Library.Mocks.csproj", "{9A08FFA5-6DDE-4C4A-93C0-01B167D76845}"
EndProject
Project("{FAE04EC0-301F-11D3-BF4B-00C04F79EFBC}") = "HelseId.Library.Selvbetjening", "HelseId.Library.Selvbetjening\HelseId.Library.Selvbetjening.csproj", "{C372D78E-2789-4F0A-B2EE-08EBD0665B12}"
EndProject
Project("{FAE04EC0-301F-11D3-BF4B-00C04F79EFBC}") = "HelseId.Library.Selvbetjening.Tests", "HelseId.Library.Selvbetjening.Tests\HelseId.Library.Selvbetjening.Tests.csproj", "{441EF023-33D3-412B-95E9-EBDA03115B17}"
EndProject
Project("{2150E333-8FDC-42A3-9474-1A3956D46DE8}") = "Tests", "Tests", "{66D3DBC2-0D94-45DF-A8E9-8C541F7F9CE6}"
EndProject
Global
	GlobalSection(SolutionConfigurationPlatforms) = preSolution
		Debug|Any CPU = Debug|Any CPU
		Release|Any CPU = Release|Any CPU
	EndGlobalSection
	GlobalSection(ProjectConfigurationPlatforms) = postSolution
		{71F61735-1D1A-492C-92AD-9BE3707B4758}.Debug|Any CPU.ActiveCfg = Debug|Any CPU
		{71F61735-1D1A-492C-92AD-9BE3707B4758}.Debug|Any CPU.Build.0 = Debug|Any CPU
		{71F61735-1D1A-492C-92AD-9BE3707B4758}.Release|Any CPU.ActiveCfg = Release|Any CPU
		{71F61735-1D1A-492C-92AD-9BE3707B4758}.Release|Any CPU.Build.0 = Release|Any CPU
		{8B8A2F35-D18E-41A9-8ECA-6906AC29F3D4}.Debug|Any CPU.ActiveCfg = Debug|Any CPU
		{8B8A2F35-D18E-41A9-8ECA-6906AC29F3D4}.Debug|Any CPU.Build.0 = Debug|Any CPU
		{8B8A2F35-D18E-41A9-8ECA-6906AC29F3D4}.Release|Any CPU.ActiveCfg = Release|Any CPU
		{8B8A2F35-D18E-41A9-8ECA-6906AC29F3D4}.Release|Any CPU.Build.0 = Release|Any CPU
		{3420CB44-14F4-402E-822C-CA6C27348018}.Debug|Any CPU.ActiveCfg = Debug|Any CPU
		{3420CB44-14F4-402E-822C-CA6C27348018}.Debug|Any CPU.Build.0 = Debug|Any CPU
		{3420CB44-14F4-402E-822C-CA6C27348018}.Release|Any CPU.ActiveCfg = Release|Any CPU
		{3420CB44-14F4-402E-822C-CA6C27348018}.Release|Any CPU.Build.0 = Release|Any CPU
		{AA5BBE69-302D-44F5-A574-ACA5BDAF053B}.Debug|Any CPU.ActiveCfg = Debug|Any CPU
		{AA5BBE69-302D-44F5-A574-ACA5BDAF053B}.Debug|Any CPU.Build.0 = Debug|Any CPU
		{AA5BBE69-302D-44F5-A574-ACA5BDAF053B}.Release|Any CPU.ActiveCfg = Release|Any CPU
		{AA5BBE69-302D-44F5-A574-ACA5BDAF053B}.Release|Any CPU.Build.0 = Release|Any CPU
		{4DF761D6-7D5B-4FA5-BE3B-E6F1D8656BB0}.Debug|Any CPU.ActiveCfg = Debug|Any CPU
		{4DF761D6-7D5B-4FA5-BE3B-E6F1D8656BB0}.Debug|Any CPU.Build.0 = Debug|Any CPU
		{4DF761D6-7D5B-4FA5-BE3B-E6F1D8656BB0}.Release|Any CPU.ActiveCfg = Release|Any CPU
		{4DF761D6-7D5B-4FA5-BE3B-E6F1D8656BB0}.Release|Any CPU.Build.0 = Release|Any CPU
		{9A08FFA5-6DDE-4C4A-93C0-01B167D76845}.Debug|Any CPU.ActiveCfg = Debug|Any CPU
		{9A08FFA5-6DDE-4C4A-93C0-01B167D76845}.Debug|Any CPU.Build.0 = Debug|Any CPU
		{9A08FFA5-6DDE-4C4A-93C0-01B167D76845}.Release|Any CPU.ActiveCfg = Release|Any CPU
		{9A08FFA5-6DDE-4C4A-93C0-01B167D76845}.Release|Any CPU.Build.0 = Release|Any CPU
		{C372D78E-2789-4F0A-B2EE-08EBD0665B12}.Debug|Any CPU.ActiveCfg = Debug|Any CPU
		{C372D78E-2789-4F0A-B2EE-08EBD0665B12}.Debug|Any CPU.Build.0 = Debug|Any CPU
		{C372D78E-2789-4F0A-B2EE-08EBD0665B12}.Release|Any CPU.ActiveCfg = Release|Any CPU
		{C372D78E-2789-4F0A-B2EE-08EBD0665B12}.Release|Any CPU.Build.0 = Release|Any CPU
		{441EF023-33D3-412B-95E9-EBDA03115B17}.Debug|Any CPU.ActiveCfg = Debug|Any CPU
		{441EF023-33D3-412B-95E9-EBDA03115B17}.Debug|Any CPU.Build.0 = Debug|Any CPU
		{441EF023-33D3-412B-95E9-EBDA03115B17}.Release|Any CPU.ActiveCfg = Release|Any CPU
		{441EF023-33D3-412B-95E9-EBDA03115B17}.Release|Any CPU.Build.0 = Release|Any CPU
	EndGlobalSection
	GlobalSection(NestedProjects) = preSolution
		{9A08FFA5-6DDE-4C4A-93C0-01B167D76845} = {66D3DBC2-0D94-45DF-A8E9-8C541F7F9CE6}
		{4DF761D6-7D5B-4FA5-BE3B-E6F1D8656BB0} = {66D3DBC2-0D94-45DF-A8E9-8C541F7F9CE6}
		{441EF023-33D3-412B-95E9-EBDA03115B17} = {66D3DBC2-0D94-45DF-A8E9-8C541F7F9CE6}
	EndGlobalSection
EndGlobal
